
Microsoft Visual Studio Solution File, Format Version 12.00
# Visual Studio 15
Project("{FAE04EC0-301F-11D3-BF4B-00C04F79EFBC}") = "GitTestProject", "GitTestProject\GitTestProject.csproj", "{86E1561F-F7F2-4623-9A6C-2B22241F8680}"
EndProject
Global
	GlobalSection(SolutionConfigurationPlatforms) = preSolution
		Debug|x86 = Debug|x86
		Release|x86 = Release|x86
	EndGlobalSection
	GlobalSection(ProjectConfigurationPlatforms) = postSolution
		{86E1561F-F7F2-4623-9A6C-2B22241F8680}.Debug|x86.ActiveCfg = Debug|x86
		{86E1561F-F7F2-4623-9A6C-2B22241F8680}.Debug|x86.Build.0 = Debug|x86
		{86E1561F-F7F2-4623-9A6C-2B22241F8680}.Release|x86.ActiveCfg = Release|x86
		{86E1561F-F7F2-4623-9A6C-2B22241F8680}.Release|x86.Build.0 = Release|x86
	EndGlobalSection
EndGlobal
